
Microsoft Visual Studio Solution File, Format Version 12.00
# Visual Studio Version 16
VisualStudioVersion = 16.0.30907.101
MinimumVisualStudioVersion = 10.0.40219.1
Project("{9A19103F-16F7-4668-BE54-9A1E7A4F7556}") = "Elevador", "ConsoleApp1\Elevador.csproj", "{9E670AEE-55F1-4906-B8B3-C3CB726EFB45}"
EndProject
Project("{9A19103F-16F7-4668-BE54-9A1E7A4F7556}") = "Videogame", "Videogame\Videogame.csproj", "{A83C88FE-26BF-4345-AB8B-E3D976469631}"
EndProject
Project("{9A19103F-16F7-4668-BE54-9A1E7A4F7556}") = "EstoqueProduto", "EstoqueProduto\EstoqueProduto.csproj", "{189CED15-1C7D-482D-9FC6-60BD24D2FDB5}"
EndProject
Global
	GlobalSection(SolutionConfigurationPlatforms) = preSolution
		Debug|Any CPU = Debug|Any CPU
		Release|Any CPU = Release|Any CPU
	EndGlobalSection
	GlobalSection(ProjectConfigurationPlatforms) = postSolution
		{9E670AEE-55F1-4906-B8B3-C3CB726EFB45}.Debug|Any CPU.ActiveCfg = Debug|Any CPU
		{9E670AEE-55F1-4906-B8B3-C3CB726EFB45}.Debug|Any CPU.Build.0 = Debug|Any CPU
		{9E670AEE-55F1-4906-B8B3-C3CB726EFB45}.Release|Any CPU.ActiveCfg = Release|Any CPU
		{9E670AEE-55F1-4906-B8B3-C3CB726EFB45}.Release|Any CPU.Build.0 = Release|Any CPU
		{A83C88FE-26BF-4345-AB8B-E3D976469631}.Debug|Any CPU.ActiveCfg = Debug|Any CPU
		{A83C88FE-26BF-4345-AB8B-E3D976469631}.Debug|Any CPU.Build.0 = Debug|Any CPU
		{A83C88FE-26BF-4345-AB8B-E3D976469631}.Release|Any CPU.ActiveCfg = Release|Any CPU
		{A83C88FE-26BF-4345-AB8B-E3D976469631}.Release|Any CPU.Build.0 = Release|Any CPU
		{189CED15-1C7D-482D-9FC6-60BD24D2FDB5}.Debug|Any CPU.ActiveCfg = Debug|Any CPU
		{189CED15-1C7D-482D-9FC6-60BD24D2FDB5}.Debug|Any CPU.Build.0 = Debug|Any CPU
		{189CED15-1C7D-482D-9FC6-60BD24D2FDB5}.Release|Any CPU.ActiveCfg = Release|Any CPU
		{189CED15-1C7D-482D-9FC6-60BD24D2FDB5}.Release|Any CPU.Build.0 = Release|Any CPU
	EndGlobalSection
	GlobalSection(SolutionProperties) = preSolution
		HideSolutionNode = FALSE
	EndGlobalSection
	GlobalSection(ExtensibilityGlobals) = postSolution
		SolutionGuid = {58416E8B-99B1-48DE-BA59-A6BC2B42E677}
	EndGlobalSection
EndGlobal
